
Microsoft Visual Studio Solution File, Format Version 12.00
# Visual Studio Version 17
VisualStudioVersion = 17.0.31903.59
MinimumVisualStudioVersion = 10.0.40219.1
Project("{2150E333-8FDC-42A3-9474-1A3956D46DE8}") = "src", "src", "{827E0CD3-B72D-47B6-A68D-7590B98EB39B}"
EndProject
Project("{FAE04EC0-301F-11D3-BF4B-00C04F79EFBC}") = "PortalAle.Domain", "src\PortalAle.Domain\PortalAle.Domain.csproj", "{149D5BF5-48E9-45FB-BC87-A28A10FC451B}"
EndProject
Project("{FAE04EC0-301F-11D3-BF4B-00C04F79EFBC}") = "PortalAle.Application", "src\PortalAle.Application\PortalAle.Application.csproj", "{1EB1568A-9A67-41E8-BB74-835AFE62DF19}"
EndProject
Project("{FAE04EC0-301F-11D3-BF4B-00C04F79EFBC}") = "PortalAle.Data", "src\PortalAle.Data\PortalAle.Data.csproj", "{A1813385-FE61-480E-9BA3-EACCBFD2DA45}"
EndProject
Project("{FAE04EC0-301F-11D3-BF4B-00C04F79EFBC}") = "PortalAle.Data.SqlServer", "src\PortalAle.Data.SqlServer\PortalAle.Data.SqlServer.csproj", "{A9F5F4AA-86A5-426C-AC03-D173F7B2DA30}"
EndProject
Project("{FAE04EC0-301F-11D3-BF4B-00C04F79EFBC}") = "PortalAle.IoC", "src\PortalAle.IoC\PortalAle.IoC.csproj", "{F5515327-7221-43DB-80D2-42EFCA9D63B6}"
EndProject
Project("{FAE04EC0-301F-11D3-BF4B-00C04F79EFBC}") = "PortalAle.Api", "src\PortalAle.Api\PortalAle.Api.csproj", "{69341435-EDF1-4F70-9438-7C344A03E98F}"
EndProject
Global
	GlobalSection(SolutionConfigurationPlatforms) = preSolution
		Debug|Any CPU = Debug|Any CPU
		Debug|x64 = Debug|x64
		Debug|x86 = Debug|x86
		Release|Any CPU = Release|Any CPU
		Release|x64 = Release|x64
		Release|x86 = Release|x86
	EndGlobalSection
	GlobalSection(ProjectConfigurationPlatforms) = postSolution
		{149D5BF5-48E9-45FB-BC87-A28A10FC451B}.Debug|Any CPU.ActiveCfg = Debug|Any CPU
		{149D5BF5-48E9-45FB-BC87-A28A10FC451B}.Debug|Any CPU.Build.0 = Debug|Any CPU
		{149D5BF5-48E9-45FB-BC87-A28A10FC451B}.Debug|x64.ActiveCfg = Debug|Any CPU
		{149D5BF5-48E9-45FB-BC87-A28A10FC451B}.Debug|x64.Build.0 = Debug|Any CPU
		{149D5BF5-48E9-45FB-BC87-A28A10FC451B}.Debug|x86.ActiveCfg = Debug|Any CPU
		{149D5BF5-48E9-45FB-BC87-A28A10FC451B}.Debug|x86.Build.0 = Debug|Any CPU
		{149D5BF5-48E9-45FB-BC87-A28A10FC451B}.Release|Any CPU.ActiveCfg = Release|Any CPU
		{149D5BF5-48E9-45FB-BC87-A28A10FC451B}.Release|Any CPU.Build.0 = Release|Any CPU
		{149D5BF5-48E9-45FB-BC87-A28A10FC451B}.Release|x64.ActiveCfg = Release|Any CPU
		{149D5BF5-48E9-45FB-BC87-A28A10FC451B}.Release|x64.Build.0 = Release|Any CPU
		{149D5BF5-48E9-45FB-BC87-A28A10FC451B}.Release|x86.ActiveCfg = Release|Any CPU
		{149D5BF5-48E9-45FB-BC87-A28A10FC451B}.Release|x86.Build.0 = Release|Any CPU
		{1EB1568A-9A67-41E8-BB74-835AFE62DF19}.Debug|Any CPU.ActiveCfg = Debug|Any CPU
		{1EB1568A-9A67-41E8-BB74-835AFE62DF19}.Debug|Any CPU.Build.0 = Debug|Any CPU
		{1EB1568A-9A67-41E8-BB74-835AFE62DF19}.Debug|x64.ActiveCfg = Debug|Any CPU
		{1EB1568A-9A67-41E8-BB74-835AFE62DF19}.Debug|x64.Build.0 = Debug|Any CPU
		{1EB1568A-9A67-41E8-BB74-835AFE62DF19}.Debug|x86.ActiveCfg = Debug|Any CPU
		{1EB1568A-9A67-41E8-BB74-835AFE62DF19}.Debug|x86.Build.0 = Debug|Any CPU
		{1EB1568A-9A67-41E8-BB74-835AFE62DF19}.Release|Any CPU.ActiveCfg = Release|Any CPU
		{1EB1568A-9A67-41E8-BB74-835AFE62DF19}.Release|Any CPU.Build.0 = Release|Any CPU
		{1EB1568A-9A67-41E8-BB74-835AFE62DF19}.Release|x64.ActiveCfg = Release|Any CPU
		{1EB1568A-9A67-41E8-BB74-835AFE62DF19}.Release|x64.Build.0 = Release|Any CPU
		{1EB1568A-9A67-41E8-BB74-835AFE62DF19}.Release|x86.ActiveCfg = Release|Any CPU
		{1EB1568A-9A67-41E8-BB74-835AFE62DF19}.Release|x86.Build.0 = Release|Any CPU
		{A1813385-FE61-480E-9BA3-EACCBFD2DA45}.Debug|Any CPU.ActiveCfg = Debug|Any CPU
		{A1813385-FE61-480E-9BA3-EACCBFD2DA45}.Debug|Any CPU.Build.0 = Debug|Any CPU
		{A1813385-FE61-480E-9BA3-EACCBFD2DA45}.Debug|x64.ActiveCfg = Debug|Any CPU
		{A1813385-FE61-480E-9BA3-EACCBFD2DA45}.Debug|x64.Build.0 = Debug|Any CPU
		{A1813385-FE61-480E-9BA3-EACCBFD2DA45}.Debug|x86.ActiveCfg = Debug|Any CPU
		{A1813385-FE61-480E-9BA3-EACCBFD2DA45}.Debug|x86.Build.0 = Debug|Any CPU
		{A1813385-FE61-480E-9BA3-EACCBFD2DA45}.Release|Any CPU.ActiveCfg = Release|Any CPU
		{A1813385-FE61-480E-9BA3-EACCBFD2DA45}.Release|Any CPU.Build.0 = Release|Any CPU
		{A1813385-FE61-480E-9BA3-EACCBFD2DA45}.Release|x64.ActiveCfg = Release|Any CPU
		{A1813385-FE61-480E-9BA3-EACCBFD2DA45}.Release|x64.Build.0 = Release|Any CPU
		{A1813385-FE61-480E-9BA3-EACCBFD2DA45}.Release|x86.ActiveCfg = Release|Any CPU
		{A1813385-FE61-480E-9BA3-EACCBFD2DA45}.Release|x86.Build.0 = Release|Any CPU
		{A9F5F4AA-86A5-426C-AC03-D173F7B2DA30}.Debug|Any CPU.ActiveCfg = Debug|Any CPU
		{A9F5F4AA-86A5-426C-AC03-D173F7B2DA30}.Debug|Any CPU.Build.0 = Debug|Any CPU
		{A9F5F4AA-86A5-426C-AC03-D173F7B2DA30}.Debug|x64.ActiveCfg = Debug|Any CPU
		{A9F5F4AA-86A5-426C-AC03-D173F7B2DA30}.Debug|x64.Build.0 = Debug|Any CPU
		{A9F5F4AA-86A5-426C-AC03-D173F7B2DA30}.Debug|x86.ActiveCfg = Debug|Any CPU
		{A9F5F4AA-86A5-426C-AC03-D173F7B2DA30}.Debug|x86.Build.0 = Debug|Any CPU
		{A9F5F4AA-86A5-426C-AC03-D173F7B2DA30}.Release|Any CPU.ActiveCfg = Release|Any CPU
		{A9F5F4AA-86A5-426C-AC03-D173F7B2DA30}.Release|Any CPU.Build.0 = Release|Any CPU
		{A9F5F4AA-86A5-426C-AC03-D173F7B2DA30}.Release|x64.ActiveCfg = Release|Any CPU
		{A9F5F4AA-86A5-426C-AC03-D173F7B2DA30}.Release|x64.Build.0 = Release|Any CPU
		{A9F5F4AA-86A5-426C-AC03-D173F7B2DA30}.Release|x86.ActiveCfg = Release|Any CPU
		{A9F5F4AA-86A5-426C-AC03-D173F7B2DA30}.Release|x86.Build.0 = Release|Any CPU
		{F5515327-7221-43DB-80D2-42EFCA9D63B6}.Debug|Any CPU.ActiveCfg = Debug|Any CPU
		{F5515327-7221-43DB-80D2-42EFCA9D63B6}.Debug|Any CPU.Build.0 = Debug|Any CPU
		{F5515327-7221-43DB-80D2-42EFCA9D63B6}.Debug|x64.ActiveCfg = Debug|Any CPU
		{F5515327-7221-43DB-80D2-42EFCA9D63B6}.Debug|x64.Build.0 = Debug|Any CPU
		{F5515327-7221-43DB-80D2-42EFCA9D63B6}.Debug|x86.ActiveCfg = Debug|Any CPU
		{F5515327-7221-43DB-80D2-42EFCA9D63B6}.Debug|x86.Build.0 = Debug|Any CPU
		{F5515327-7221-43DB-80D2-42EFCA9D63B6}.Release|Any CPU.ActiveCfg = Release|Any CPU
		{F5515327-7221-43DB-80D2-42EFCA9D63B6}.Release|Any CPU.Build.0 = Release|Any CPU
		{F5515327-7221-43DB-80D2-42EFCA9D63B6}.Release|x64.ActiveCfg = Release|Any CPU
		{F5515327-7221-43DB-80D2-42EFCA9D63B6}.Release|x64.Build.0 = Release|Any CPU
		{F5515327-7221-43DB-80D2-42EFCA9D63B6}.Release|x86.ActiveCfg = Release|Any CPU
		{F5515327-7221-43DB-80D2-42EFCA9D63B6}.Release|x86.Build.0 = Release|Any CPU
		{69341435-EDF1-4F70-9438-7C344A03E98F}.Debug|Any CPU.ActiveCfg = Debug|Any CPU
		{69341435-EDF1-4F70-9438-7C344A03E98F}.Debug|Any CPU.Build.0 = Debug|Any CPU
		{69341435-EDF1-4F70-9438-7C344A03E98F}.Debug|x64.ActiveCfg = Debug|Any CPU
		{69341435-EDF1-4F70-9438-7C344A03E98F}.Debug|x64.Build.0 = Debug|Any CPU
		{69341435-EDF1-4F70-9438-7C344A03E98F}.Debug|x86.ActiveCfg = Debug|Any CPU
		{69341435-EDF1-4F70-9438-7C344A03E98F}.Debug|x86.Build.0 = Debug|Any CPU
		{69341435-EDF1-4F70-9438-7C344A03E98F}.Release|Any CPU.ActiveCfg = Release|Any CPU
		{69341435-EDF1-4F70-9438-7C344A03E98F}.Release|Any CPU.Build.0 = Release|Any CPU
		{69341435-EDF1-4F70-9438-7C344A03E98F}.Release|x64.ActiveCfg = Release|Any CPU
		{69341435-EDF1-4F70-9438-7C344A03E98F}.Release|x64.Build.0 = Release|Any CPU
		{69341435-EDF1-4F70-9438-7C344A03E98F}.Release|x86.ActiveCfg = Release|Any CPU
		{69341435-EDF1-4F70-9438-7C344A03E98F}.Release|x86.Build.0 = Release|Any CPU
	EndGlobalSection
	GlobalSection(SolutionProperties) = preSolution
		HideSolutionNode = FALSE
	EndGlobalSection
	GlobalSection(NestedProjects) = preSolution
		{149D5BF5-48E9-45FB-BC87-A28A10FC451B} = {827E0CD3-B72D-47B6-A68D-7590B98EB39B}
		{1EB1568A-9A67-41E8-BB74-835AFE62DF19} = {827E0CD3-B72D-47B6-A68D-7590B98EB39B}
		{A1813385-FE61-480E-9BA3-EACCBFD2DA45} = {827E0CD3-B72D-47B6-A68D-7590B98EB39B}
		{A9F5F4AA-86A5-426C-AC03-D173F7B2DA30} = {827E0CD3-B72D-47B6-A68D-7590B98EB39B}
		{F5515327-7221-43DB-80D2-42EFCA9D63B6} = {827E0CD3-B72D-47B6-A68D-7590B98EB39B}
		{69341435-EDF1-4F70-9438-7C344A03E98F} = {827E0CD3-B72D-47B6-A68D-7590B98EB39B}
	EndGlobalSection
EndGlobal
