<Solution>
  <Folder Name="/src/">
    <Project Path="src/PortalAle.Api/PortalAle.Api.csproj" />
    <Project Path="src/PortalAle.Application/PortalAle.Application.csproj" />
    <Project Path="src/PortalAle.Data.SqlServer/PortalAle.Data.SqlServer.csproj" />
    <Project Path="src/PortalAle.Data/PortalAle.Data.csproj" />
    <Project Path="src/PortalAle.Domain/PortalAle.Domain.csproj" />
    <Project Path="src/PortalAle.IoC/PortalAle.IoC.csproj" />
  </Folder>
</Solution>
